
Microsoft Visual Studio Solution File, Format Version 12.00
# Visual Studio Version 17
VisualStudioVersion = 17.4.33110.190
MinimumVisualStudioVersion = 10.0.40219.1
Project("{FAE04EC0-301F-11D3-BF4B-00C04F79EFBC}") = "AttendanceApp.Web", "AttendanceApp.Web\AttendanceApp.Web.csproj", "{24678A41-543F-4E3D-90C5-16A3C4658CB5}"
EndProject
Project("{FAE04EC0-301F-11D3-BF4B-00C04F79EFBC}") = "AttendanceApp.Data", "AttendanceApp.Data\AttendanceApp.Data.csproj", "{7AF8541E-12AB-478C-B42A-D961AFDC9CD7}"
EndProject
Global
	GlobalSection(SolutionConfigurationPlatforms) = preSolution
		Debug|Any CPU = Debug|Any CPU
		Release|Any CPU = Release|Any CPU
	EndGlobalSection
	GlobalSection(ProjectConfigurationPlatforms) = postSolution
		{24678A41-543F-4E3D-90C5-16A3C4658CB5}.Debug|Any CPU.ActiveCfg = Debug|Any CPU
		{24678A41-543F-4E3D-90C5-16A3C4658CB5}.Debug|Any CPU.Build.0 = Debug|Any CPU
		{24678A41-543F-4E3D-90C5-16A3C4658CB5}.Release|Any CPU.ActiveCfg = Release|Any CPU
		{24678A41-543F-4E3D-90C5-16A3C4658CB5}.Release|Any CPU.Build.0 = Release|Any CPU
		{7AF8541E-12AB-478C-B42A-D961AFDC9CD7}.Debug|Any CPU.ActiveCfg = Debug|Any CPU
		{7AF8541E-12AB-478C-B42A-D961AFDC9CD7}.Debug|Any CPU.Build.0 = Debug|Any CPU
		{7AF8541E-12AB-478C-B42A-D961AFDC9CD7}.Release|Any CPU.ActiveCfg = Release|Any CPU
		{7AF8541E-12AB-478C-B42A-D961AFDC9CD7}.Release|Any CPU.Build.0 = Release|Any CPU
	EndGlobalSection
	GlobalSection(SolutionProperties) = preSolution
		HideSolutionNode = FALSE
	EndGlobalSection
	GlobalSection(ExtensibilityGlobals) = postSolution
		SolutionGuid = {B8060A62-A9FA-4A9F-B099-3FE72279BB7A}
	EndGlobalSection
EndGlobal
